
Microsoft Visual Studio Solution File, Format Version 12.00
# Visual Studio 15
VisualStudioVersion = 15.0.28307.572
MinimumVisualStudioVersion = 10.0.40219.1
Project("{FAE04EC0-301F-11D3-BF4B-00C04F79EFBC}") = "TTV", "TTV\TTV.csproj", "{9093C695-1BA3-433C-8417-8E2DE5508BBF}"
EndProject
Global
	GlobalSection(SolutionConfigurationPlatforms) = preSolution
		Debug|Any CPU = Debug|Any CPU
		Release|Any CPU = Release|Any CPU
	EndGlobalSection
	GlobalSection(ProjectConfigurationPlatforms) = postSolution
		{9093C695-1BA3-433C-8417-8E2DE5508BBF}.Debug|Any CPU.ActiveCfg = Debug|Any CPU
		{9093C695-1BA3-433C-8417-8E2DE5508BBF}.Debug|Any CPU.Build.0 = Debug|Any CPU
		{9093C695-1BA3-433C-8417-8E2DE5508BBF}.Release|Any CPU.ActiveCfg = Release|Any CPU
		{9093C695-1BA3-433C-8417-8E2DE5508BBF}.Release|Any CPU.Build.0 = Release|Any CPU
	EndGlobalSection
	GlobalSection(SolutionProperties) = preSolution
		HideSolutionNode = FALSE
	EndGlobalSection
	GlobalSection(ExtensibilityGlobals) = postSolution
		SolutionGuid = {E2D85310-D085-4E39-8871-6752D7139FFE}
	EndGlobalSection
EndGlobal
